// !$*UTF8*$!
{
	archiveVersion = 1;
	classes = {
	};
	objectVersion = 56;
	objects = {

/* Begin PBXBuildFile section */
		BD0B00172A4DDD6300C4205F /* homePage.swift in Sources */ = {isa = PBXBuildFile; fileRef = BD0B00162A4DDD6300C4205F /* homePage.swift */; };
		BD6933BA2A4CB32500EE9812 /* explorioAppApp.swift in Sources */ = {isa = PBXBuildFile; fileRef = BD6933B92A4CB32500EE9812 /* explorioAppApp.swift */; };
		BD6933BC2A4CB32500EE9812 /* ContentView.swift in Sources */ = {isa = PBXBuildFile; fileRef = BD6933BB2A4CB32500EE9812 /* ContentView.swift */; };
		BD6933BE2A4CB32600EE9812 /* Assets.xcassets in Resources */ = {isa = PBXBuildFile; fileRef = BD6933BD2A4CB32600EE9812 /* Assets.xcassets */; };
		BD6933C12A4CB32600EE9812 /* Preview Assets.xcassets in Resources */ = {isa = PBXBuildFile; fileRef = BD6933C02A4CB32600EE9812 /* Preview Assets.xcassets */; };
		BD6933C82A4CB43700EE9812 /* login page.swift in Sources */ = {isa = PBXBuildFile; fileRef = BD6933C72A4CB43700EE9812 /* login page.swift */; };
		BD6933CC2A4CB49900EE9812 /* LocationLanding.swift in Sources */ = {isa = PBXBuildFile; fileRef = BD6933CB2A4CB49900EE9812 /* LocationLanding.swift */; };
		BD6933CE2A4CB4BD00EE9812 /* searchPage.swift in Sources */ = {isa = PBXBuildFile; fileRef = BD6933CD2A4CB4BD00EE9812 /* searchPage.swift */; };
		BDC59B0F2A4DEC070089CDE5 /* LocationLanding2.swift in Sources */ = {isa = PBXBuildFile; fileRef = BDC59B0E2A4DEC070089CDE5 /* LocationLanding2.swift */; };
		BDC59B112A4DEC5A0089CDE5 /* LocationLanding3.swift in Sources */ = {isa = PBXBuildFile; fileRef = BDC59B102A4DEC5A0089CDE5 /* LocationLanding3.swift */; };
		BDC59B132A4DEC750089CDE5 /* LocationLanding4.swift in Sources */ = {isa = PBXBuildFile; fileRef = BDC59B122A4DEC750089CDE5 /* LocationLanding4.swift */; };
		BDC59B172A4DECA40089CDE5 /* LocationLanding5.swift in Sources */ = {isa = PBXBuildFile; fileRef = BDC59B162A4DECA40089CDE5 /* LocationLanding5.swift */; };
/* End PBXBuildFile section */

/* Begin PBXFileReference section */
		BD0B00162A4DDD6300C4205F /* homePage.swift */ = {isa = PBXFileReference; lastKnownFileType = sourcecode.swift; path = homePage.swift; sourceTree = "<group>"; };
		BD6933B62A4CB32500EE9812 /* explorioApp.app */ = {isa = PBXFileReference; explicitFileType = wrapper.application; includeInIndex = 0; path = explorioApp.app; sourceTree = BUILT_PRODUCTS_DIR; };
		BD6933B92A4CB32500EE9812 /* explorioAppApp.swift */ = {isa = PBXFileReference; lastKnownFileType = sourcecode.swift; path = explorioAppApp.swift; sourceTree = "<group>"; };
		BD6933BB2A4CB32500EE9812 /* ContentView.swift */ = {isa = PBXFileReference; lastKnownFileType = sourcecode.swift; path = ContentView.swift; sourceTree = "<group>"; };
		BD6933BD2A4CB32600EE9812 /* Assets.xcassets */ = {isa = PBXFileReference; lastKnownFileType = folder.assetcatalog; path = Assets.xcassets; sourceTree = "<group>"; };
		BD6933C02A4CB32600EE9812 /* Preview Assets.xcassets */ = {isa = PBXFileReference; lastKnownFileType = folder.assetcatalog; path = "Preview Assets.xcassets"; sourceTree = "<group>"; };
		BD6933C72A4CB43700EE9812 /* login page.swift */ = {isa = PBXFileReference; lastKnownFileType = sourcecode.swift; path = "login page.swift"; sourceTree = "<group>"; };
		BD6933CB2A4CB49900EE9812 /* LocationLanding.swift */ = {isa = PBXFileReference; lastKnownFileType = sourcecode.swift; path = LocationLanding.swift; sourceTree = "<group>"; };
		BD6933CD2A4CB4BD00EE9812 /* searchPage.swift */ = {isa = PBXFileReference; lastKnownFileType = sourcecode.swift; path = searchPage.swift; sourceTree = "<group>"; };
		BDC59B0E2A4DEC070089CDE5 /* LocationLanding2.swift */ = {isa = PBXFileReference; lastKnownFileType = sourcecode.swift; path = LocationLanding2.swift; sourceTree = "<group>"; };
		BDC59B102A4DEC5A0089CDE5 /* LocationLanding3.swift */ = {isa = PBXFileReference; lastKnownFileType = sourcecode.swift; path = LocationLanding3.swift; sourceTree = "<group>"; };
		BDC59B122A4DEC750089CDE5 /* LocationLanding4.swift */ = {isa = PBXFileReference; lastKnownFileType = sourcecode.swift; path = LocationLanding4.swift; sourceTree = "<group>"; };
		BDC59B162A4DECA40089CDE5 /* LocationLanding5.swift */ = {isa = PBXFileReference; lastKnownFileType = sourcecode.swift; path = LocationLanding5.swift; sourceTree = "<group>"; };
/* End PBXFileReference section */

/* Begin PBXFrameworksBuildPhase section */
		BD6933B32A4CB32500EE9812 /* Frameworks */ = {
			isa = PBXFrameworksBuildPhase;
			buildActionMask = 2147483647;
			files = (
			);
			runOnlyForDeploymentPostprocessing = 0;
		};
/* End PBXFrameworksBuildPhase section */

/* Begin PBXGroup section */
		BD6933AD2A4CB32500EE9812 = {
			isa = PBXGroup;
			children = (
				BD6933B82A4CB32500EE9812 /* explorioApp */,
				BD6933B72A4CB32500EE9812 /* Products */,
			);
			sourceTree = "<group>";
		};
		BD6933B72A4CB32500EE9812 /* Products */ = {
			isa = PBXGroup;
			children = (
				BD6933B62A4CB32500EE9812 /* explorioApp.app */,
			);
			name = Products;
			sourceTree = "<group>";
		};
		BD6933B82A4CB32500EE9812 /* explorioApp */ = {
			isa = PBXGroup;
			children = (
				BDC59B0E2A4DEC070089CDE5 /* LocationLanding2.swift */,
				BDC59B102A4DEC5A0089CDE5 /* LocationLanding3.swift */,
				BDC59B122A4DEC750089CDE5 /* LocationLanding4.swift */,
				BDC59B162A4DECA40089CDE5 /* LocationLanding5.swift */,
				BD6933CD2A4CB4BD00EE9812 /* searchPage.swift */,
				BD6933CB2A4CB49900EE9812 /* LocationLanding.swift */,
				BD6933B92A4CB32500EE9812 /* explorioAppApp.swift */,
				BD6933BB2A4CB32500EE9812 /* ContentView.swift */,
				BD6933C72A4CB43700EE9812 /* login page.swift */,
				BD0B00162A4DDD6300C4205F /* homePage.swift */,
				BD6933BD2A4CB32600EE9812 /* Assets.xcassets */,
				BD6933BF2A4CB32600EE9812 /* Preview Content */,
			);
			path = explorioApp;
			sourceTree = "<group>";
		};
		BD6933BF2A4CB32600EE9812 /* Preview Content */ = {
			isa = PBXGroup;
			children = (
				BD6933C02A4CB32600EE9812 /* Preview Assets.xcassets */,
			);
			path = "Preview Content";
			sourceTree = "<group>";
		};
/* End PBXGroup section */

/* Begin PBXNativeTarget section */
		BD6933B52A4CB32500EE9812 /* explorioApp */ = {
			isa = PBXNativeTarget;
			buildConfigurationList = BD6933C42A4CB32600EE9812 /* Build configuration list for PBXNativeTarget "explorioApp" */;
			buildPhases = (
				BD6933B22A4CB32500EE9812 /* Sources */,
				BD6933B32A4CB32500EE9812 /* Frameworks */,
				BD6933B42A4CB32500EE9812 /* Resources */,
			);
			buildRules = (
			);
			dependencies = (
			);
			name = explorioApp;
			productName = explorioApp;
			productReference = BD6933B62A4CB32500EE9812 /* explorioApp.app */;
			productType = "com.apple.product-type.application";
		};
/* End PBXNativeTarget section */

/* Begin PBXProject section */
		BD6933AE2A4CB32500EE9812 /* Project object */ = {
			isa = PBXProject;
			attributes = {
				BuildIndependentTargetsInParallel = 1;
				LastSwiftUpdateCheck = 1430;
				LastUpgradeCheck = 1430;
				TargetAttributes = {
					BD6933B52A4CB32500EE9812 = {
						CreatedOnToolsVersion = 14.3.1;
					};
				};
			};
			buildConfigurationList = BD6933B12A4CB32500EE9812 /* Build configuration list for PBXProject "explorioApp" */;
			compatibilityVersion = "Xcode 14.0";
			developmentRegion = en;
			hasScannedForEncodings = 0;
			knownRegions = (
				en,
				Base,
			);
			mainGroup = BD6933AD2A4CB32500EE9812;
			productRefGroup = BD6933B72A4CB32500EE9812 /* Products */;
			projectDirPath = "";
			projectRoot = "";
			targets = (
				BD6933B52A4CB32500EE9812 /* explorioApp */,
			);
		};
/* End PBXProject section */

/* Begin PBXResourcesBuildPhase section */
		BD6933B42A4CB32500EE9812 /* Resources */ = {
			isa = PBXResourcesBuildPhase;
			buildActionMask = 2147483647;
			files = (
				BD6933C12A4CB32600EE9812 /* Preview Assets.xcassets in Resources */,
				BD6933BE2A4CB32600EE9812 /* Assets.xcassets in Resources */,
			);
			runOnlyForDeploymentPostprocessing = 0;
		};
/* End PBXResourcesBuildPhase section */

/* Begin PBXSourcesBuildPhase section */
		BD6933B22A4CB32500EE9812 /* Sources */ = {
			isa = PBXSourcesBuildPhase;
			buildActionMask = 2147483647;
			files = (
				BDC59B172A4DECA40089CDE5 /* LocationLanding5.swift in Sources */,
				BD6933BC2A4CB32500EE9812 /* ContentView.swift in Sources */,
				BD0B00172A4DDD6300C4205F /* homePage.swift in Sources */,
				BDC59B112A4DEC5A0089CDE5 /* LocationLanding3.swift in Sources */,
				BD6933C82A4CB43700EE9812 /* login page.swift in Sources */,
				BDC59B0F2A4DEC070089CDE5 /* LocationLanding2.swift in Sources */,
				BD6933BA2A4CB32500EE9812 /* explorioAppApp.swift in Sources */,
				BD6933CC2A4CB49900EE9812 /* LocationLanding.swift in Sources */,
				BDC59B132A4DEC750089CDE5 /* LocationLanding4.swift in Sources */,
				BD6933CE2A4CB4BD00EE9812 /* searchPage.swift in Sources */,
			);
			runOnlyForDeploymentPostprocessing = 0;
		};
/* End PBXSourcesBuildPhase section */

/* Begin XCBuildConfiguration section */
		BD6933C22A4CB32600EE9812 /* Debug */ = {
			isa = XCBuildConfiguration;
			buildSettings = {
				ALWAYS_SEARCH_USER_PATHS = NO;
				CLANG_ANALYZER_NONNULL = YES;
				CLANG_ANALYZER_NUMBER_OBJECT_CONVERSION = YES_AGGRESSIVE;
				CLANG_CXX_LANGUAGE_STANDARD = "gnu++20";
				CLANG_ENABLE_MODULES = YES;
				CLANG_ENABLE_OBJC_ARC = YES;
				CLANG_ENABLE_OBJC_WEAK = YES;
				CLANG_WARN_BLOCK_CAPTURE_AUTORELEASING = YES;
				CLANG_WARN_BOOL_CONVERSION = YES;
				CLANG_WARN_COMMA = YES;
				CLANG_WARN_CONSTANT_CONVERSION = YES;
				CLANG_WARN_DEPRECATED_OBJC_IMPLEMENTATIONS = YES;
				CLANG_WARN_DIRECT_OBJC_ISA_USAGE = YES_ERROR;
				CLANG_WARN_DOCUMENTATION_COMMENTS = YES;
				CLANG_WARN_EMPTY_BODY = YES;
				CLANG_WARN_ENUM_CONVERSION = YES;
				CLANG_WARN_INFINITE_RECURSION = YES;
				CLANG_WARN_INT_CONVERSION = YES;
				CLANG_WARN_NON_LITERAL_NULL_CONVERSION = YES;
				CLANG_WARN_OBJC_IMPLICIT_RETAIN_SELF = YES;
				CLANG_WARN_OBJC_LITERAL_CONVERSION = YES;
				CLANG_WARN_OBJC_ROOT_CLASS = YES_ERROR;
				CLANG_WARN_QUOTED_INCLUDE_IN_FRAMEWORK_HEADER = YES;
				CLANG_WARN_RANGE_LOOP_ANALYSIS = YES;
				CLANG_WARN_STRICT_PROTOTYPES = YES;
				CLANG_WARN_SUSPICIOUS_MOVE = YES;
				CLANG_WARN_UNGUARDED_AVAILABILITY = YES_AGGRESSIVE;
				CLANG_WARN_UNREACHABLE_CODE = YES;
				CLANG_WARN__DUPLICATE_METHOD_MATCH = YES;
				COPY_PHASE_STRIP = NO;
				DEBUG_INFORMATION_FORMAT = dwarf;
				ENABLE_STRICT_OBJC_MSGSEND = YES;
				ENABLE_TESTABILITY = YES;
				GCC_C_LANGUAGE_STANDARD = gnu11;
				GCC_DYNAMIC_NO_PIC = NO;
				GCC_NO_COMMON_BLOCKS = YES;
				GCC_OPTIMIZATION_LEVEL = 0;
				GCC_PREPROCESSOR_DEFINITIONS = (
					"DEBUG=1",
					"$(inherited)",
				);
				GCC_WARN_64_TO_32_BIT_CONVERSION = YES;
				GCC_WARN_ABOUT_RETURN_TYPE = YES_ERROR;
				GCC_WARN_UNDECLARED_SELECTOR = YES;
				GCC_WARN_UNINITIALIZED_AUTOS = YES_AGGRESSIVE;
				GCC_WARN_UNUSED_FUNCTION = YES;
				GCC_WARN_UNUSED_VARIABLE = YES;
				IPHONEOS_DEPLOYMENT_TARGET = 16.4;
				MTL_ENABLE_DEBUG_INFO = INCLUDE_SOURCE;
				MTL_FAST_MATH = YES;
				ONLY_ACTIVE_ARCH = YES;
				SDKROOT = iphoneos;
				SWIFT_ACTIVE_COMPILATION_CONDITIONS = DEBUG;
				SWIFT_OPTIMIZATION_LEVEL = "-Onone";
			};
			name = Debug;
		};
		BD6933C32A4CB32600EE9812 /* Release */ = {
			isa = XCBuildConfiguration;
			buildSettings = {
				ALWAYS_SEARCH_USER_PATHS = NO;
				CLANG_ANALYZER_NONNULL = YES;
				CLANG_ANALYZER_NUMBER_OBJECT_CONVERSION = YES_AGGRESSIVE;
				CLANG_CXX_LANGUAGE_STANDARD = "gnu++20";
				CLANG_ENABLE_MODULES = YES;
				CLANG_ENABLE_OBJC_ARC = YES;
				CLANG_ENABLE_OBJC_WEAK = YES;
				CLANG_WARN_BLOCK_CAPTURE_AUTORELEASING = YES;
				CLANG_WARN_BOOL_CONVERSION = YES;
				CLANG_WARN_COMMA = YES;
				CLANG_WARN_CONSTANT_CONVERSION = YES;
				CLANG_WARN_DEPRECATED_OBJC_IMPLEMENTATIONS = YES;
				CLANG_WARN_DIRECT_OBJC_ISA_USAGE = YES_ERROR;
				CLANG_WARN_DOCUMENTATION_COMMENTS = YES;
				CLANG_WARN_EMPTY_BODY = YES;
				CLANG_WARN_ENUM_CONVERSION = YES;
				CLANG_WARN_INFINITE_RECURSION = YES;
				CLANG_WARN_INT_CONVERSION = YES;
				CLANG_WARN_NON_LITERAL_NULL_CONVERSION = YES;
				CLANG_WARN_OBJC_IMPLICIT_RETAIN_SELF = YES;
				CLANG_WARN_OBJC_LITERAL_CONVERSION = YES;
				CLANG_WARN_OBJC_ROOT_CLASS = YES_ERROR;
				CLANG_WARN_QUOTED_INCLUDE_IN_FRAMEWORK_HEADER = YES;
				CLANG_WARN_RANGE_LOOP_ANALYSIS = YES;
				CLANG_WARN_STRICT_PROTOTYPES = YES;
				CLANG_WARN_SUSPICIOUS_MOVE = YES;
				CLANG_WARN_UNGUARDED_AVAILABILITY = YES_AGGRESSIVE;
				CLANG_WARN_UNREACHABLE_CODE = YES;
				CLANG_WARN__DUPLICATE_METHOD_MATCH = YES;
				COPY_PHASE_STRIP = NO;
				DEBUG_INFORMATION_FORMAT = "dwarf-with-dsym";
				ENABLE_NS_ASSERTIONS = NO;
				ENABLE_STRICT_OBJC_MSGSEND = YES;
				GCC_C_LANGUAGE_STANDARD = gnu11;
				GCC_NO_COMMON_BLOCKS = YES;
				GCC_WARN_64_TO_32_BIT_CONVERSION = YES;
				GCC_WARN_ABOUT_RETURN_TYPE = YES_ERROR;
				GCC_WARN_UNDECLARED_SELECTOR = YES;
				GCC_WARN_UNINITIALIZED_AUTOS = YES_AGGRESSIVE;
				GCC_WARN_UNUSED_FUNCTION = YES;
				GCC_WARN_UNUSED_VARIABLE = YES;
				IPHONEOS_DEPLOYMENT_TARGET = 16.4;
				MTL_ENABLE_DEBUG_INFO = NO;
				MTL_FAST_MATH = YES;
				SDKROOT = iphoneos;
				SWIFT_COMPILATION_MODE = wholemodule;
				SWIFT_OPTIMIZATION_LEVEL = "-O";
				VALIDATE_PRODUCT = YES;
			};
			name = Release;
		};
		BD6933C52A4CB32600EE9812 /* Debug */ = {
			isa = XCBuildConfiguration;
			buildSettings = {
				ASSETCATALOG_COMPILER_APPICON_NAME = AppIcon;
				ASSETCATALOG_COMPILER_GLOBAL_ACCENT_COLOR_NAME = AccentColor;
				CODE_SIGN_STYLE = Automatic;
				CURRENT_PROJECT_VERSION = 1;
				DEVELOPMENT_ASSET_PATHS = "\"explorioApp/Preview Content\"";
				ENABLE_PREVIEWS = YES;
				GENERATE_INFOPLIST_FILE = YES;
				INFOPLIST_FILE = explorioApp/Info.plist;
				INFOPLIST_KEY_NSCameraUsageDescription = "we need to access camera";
				INFOPLIST_KEY_UIApplicationSceneManifest_Generation = YES;
				INFOPLIST_KEY_UIApplicationSupportsIndirectInputEvents = YES;
				INFOPLIST_KEY_UILaunchScreen_Generation = YES;
				INFOPLIST_KEY_UISupportedInterfaceOrientations_iPad = "UIInterfaceOrientationPortrait UIInterfaceOrientationPortraitUpsideDown UIInterfaceOrientationLandscapeLeft UIInterfaceOrientationLandscapeRight";
				INFOPLIST_KEY_UISupportedInterfaceOrientations_iPhone = "UIInterfaceOrientationPortrait UIInterfaceOrientationLandscapeLeft UIInterfaceOrientationLandscapeRight";
				LD_RUNPATH_SEARCH_PATHS = (
					"$(inherited)",
					"@executable_path/Frameworks",
				);
				MARKETING_VERSION = 1.0;
				PRODUCT_BUNDLE_IDENTIFIER = kwk.explorioApp;
				PRODUCT_NAME = "$(TARGET_NAME)";
				SWIFT_EMIT_LOC_STRINGS = YES;
				SWIFT_VERSION = 5.0;
				TARGETED_DEVICE_FAMILY = "1,2";
			};
			name = Debug;
		};
		BD6933C62A4CB32600EE9812 /* Release */ = {
			isa = XCBuildConfiguration;
			buildSettings = {
				ASSETCATALOG_COMPILER_APPICON_NAME = AppIcon;
				ASSETCATALOG_COMPILER_GLOBAL_ACCENT_COLOR_NAME = AccentColor;
				CODE_SIGN_STYLE = Automatic;
				CURRENT_PROJECT_VERSION = 1;
				DEVELOPMENT_ASSET_PATHS = "\"explorioApp/Preview Content\"";
				ENABLE_PREVIEWS = YES;
				GENERATE_INFOPLIST_FILE = YES;
				INFOPLIST_FILE = explorioApp/Info.plist;
				INFOPLIST_KEY_NSCameraUsageDescription = "we need to access camera";
				INFOPLIST_KEY_UIApplicationSceneManifest_Generation = YES;
				INFOPLIST_KEY_UIApplicationSupportsIndirectInputEvents = YES;
				INFOPLIST_KEY_UILaunchScreen_Generation = YES;
				INFOPLIST_KEY_UISupportedInterfaceOrientations_iPad = "UIInterfaceOrientationPortrait UIInterfaceOrientationPortraitUpsideDown UIInterfaceOrientationLandscapeLeft UIInterfaceOrientationLandscapeRight";
				INFOPLIST_KEY_UISupportedInterfaceOrientations_iPhone = "UIInterfaceOrientationPortrait UIInterfaceOrientationLandscapeLeft UIInterfaceOrientationLandscapeRight";
				LD_RUNPATH_SEARCH_PATHS = (
					"$(inherited)",
					"@executable_path/Frameworks",
				);
				MARKETING_VERSION = 1.0;
				PRODUCT_BUNDLE_IDENTIFIER = kwk.explorioApp;
				PRODUCT_NAME = "$(TARGET_NAME)";
				SWIFT_EMIT_LOC_STRINGS = YES;
				SWIFT_VERSION = 5.0;
				TARGETED_DEVICE_FAMILY = "1,2";
			};
			name = Release;
		};
/* End XCBuildConfiguration section */

/* Begin XCConfigurationList section */
		BD6933B12A4CB32500EE9812 /* Build configuration list for PBXProject "explorioApp" */ = {
			isa = XCConfigurationList;
			buildConfigurations = (
				BD6933C22A4CB32600EE9812 /* Debug */,
				BD6933C32A4CB32600EE9812 /* Release */,
			);
			defaultConfigurationIsVisible = 0;
			defaultConfigurationName = Release;
		};
		BD6933C42A4CB32600EE9812 /* Build configuration list for PBXNativeTarget "explorioApp" */ = {
			isa = XCConfigurationList;
			buildConfigurations = (
				BD6933C52A4CB32600EE9812 /* Debug */,
				BD6933C62A4CB32600EE9812 /* Release */,
			);
			defaultConfigurationIsVisible = 0;
			defaultConfigurationName = Release;
		};
/* End XCConfigurationList section */
	};
	rootObject = BD6933AE2A4CB32500EE9812 /* Project object */;
}
